
Microsoft Visual Studio Solution File, Format Version 12.00
# Visual Studio Version 16
VisualStudioVersion = 16.0.30517.126
MinimumVisualStudioVersion = 10.0.40219.1
Project("{FAE04EC0-301F-11D3-BF4B-00C04F79EFBC}") = "BPRSB.Kuesioner.Web", "BPRSB.Kuesioner.Web\BPRSB.Kuesioner.Web.csproj", "{0FF932B8-397A-40DD-BC55-A8DD15347914}"
EndProject
Project("{FAE04EC0-301F-11D3-BF4B-00C04F79EFBC}") = "BPRSB.Kuesioner.Library", "BPRSB.Kuesioner.Library\BPRSB.Kuesioner.Library.csproj", "{784DAC7C-1FF4-4A31-A627-8772C7D42AD8}"
EndProject
Global
	GlobalSection(SolutionConfigurationPlatforms) = preSolution
		Debug|Any CPU = Debug|Any CPU
		Release|Any CPU = Release|Any CPU
	EndGlobalSection
	GlobalSection(ProjectConfigurationPlatforms) = postSolution
		{0FF932B8-397A-40DD-BC55-A8DD15347914}.Debug|Any CPU.ActiveCfg = Debug|Any CPU
		{0FF932B8-397A-40DD-BC55-A8DD15347914}.Debug|Any CPU.Build.0 = Debug|Any CPU
		{0FF932B8-397A-40DD-BC55-A8DD15347914}.Release|Any CPU.ActiveCfg = Release|Any CPU
		{0FF932B8-397A-40DD-BC55-A8DD15347914}.Release|Any CPU.Build.0 = Release|Any CPU
		{784DAC7C-1FF4-4A31-A627-8772C7D42AD8}.Debug|Any CPU.ActiveCfg = Debug|Any CPU
		{784DAC7C-1FF4-4A31-A627-8772C7D42AD8}.Debug|Any CPU.Build.0 = Debug|Any CPU
		{784DAC7C-1FF4-4A31-A627-8772C7D42AD8}.Release|Any CPU.ActiveCfg = Release|Any CPU
		{784DAC7C-1FF4-4A31-A627-8772C7D42AD8}.Release|Any CPU.Build.0 = Release|Any CPU
	EndGlobalSection
	GlobalSection(SolutionProperties) = preSolution
		HideSolutionNode = FALSE
	EndGlobalSection
	GlobalSection(ExtensibilityGlobals) = postSolution
		SolutionGuid = {B70CC217-AED9-4DC9-B539-59987370903C}
	EndGlobalSection
EndGlobal
